// !$*UTF8*$!
{
	archiveVersion = 1;
	classes = {
	};
	objectVersion = 56;
	objects = {

/* Begin PBXBuildFile section */
		9A16514B29708283005BD342 /* iLifeApp.swift in Sources */ = {isa = PBXBuildFile; fileRef = 9A16514A29708283005BD342 /* iLifeApp.swift */; };
		9A16514D29708283005BD342 /* ContentView.swift in Sources */ = {isa = PBXBuildFile; fileRef = 9A16514C29708283005BD342 /* ContentView.swift */; };
		9A16514F29708287005BD342 /* Assets.xcassets in Resources */ = {isa = PBXBuildFile; fileRef = 9A16514E29708287005BD342 /* Assets.xcassets */; };
		9A16515229708287005BD342 /* Preview Assets.xcassets in Resources */ = {isa = PBXBuildFile; fileRef = 9A16515129708287005BD342 /* Preview Assets.xcassets */; };
		9A16515C29708287005BD342 /* iLifeTests.swift in Sources */ = {isa = PBXBuildFile; fileRef = 9A16515B29708287005BD342 /* iLifeTests.swift */; };
		9A16516629708287005BD342 /* iLifeUITests.swift in Sources */ = {isa = PBXBuildFile; fileRef = 9A16516529708287005BD342 /* iLifeUITests.swift */; };
		9A16516829708287005BD342 /* iLifeUITestsLaunchTests.swift in Sources */ = {isa = PBXBuildFile; fileRef = 9A16516729708287005BD342 /* iLifeUITestsLaunchTests.swift */; };
		9A16517529741644005BD342 /* Life.swift in Sources */ = {isa = PBXBuildFile; fileRef = 9A16517429741644005BD342 /* Life.swift */; };
		9A165177297418CF005BD342 /* LifeObjects.swift in Sources */ = {isa = PBXBuildFile; fileRef = 9A165176297418CF005BD342 /* LifeObjects.swift */; };
		9A16517C297425BF005BD342 /* SideMenuView.swift in Sources */ = {isa = PBXBuildFile; fileRef = 9A16517B297425BF005BD342 /* SideMenuView.swift */; };
/* End PBXBuildFile section */

/* Begin PBXContainerItemProxy section */
		9A16515829708287005BD342 /* PBXContainerItemProxy */ = {
			isa = PBXContainerItemProxy;
			containerPortal = 9A16513F29708283005BD342 /* Project object */;
			proxyType = 1;
			remoteGlobalIDString = 9A16514629708283005BD342;
			remoteInfo = iLife;
		};
		9A16516229708287005BD342 /* PBXContainerItemProxy */ = {
			isa = PBXContainerItemProxy;
			containerPortal = 9A16513F29708283005BD342 /* Project object */;
			proxyType = 1;
			remoteGlobalIDString = 9A16514629708283005BD342;
			remoteInfo = iLife;
		};
/* End PBXContainerItemProxy section */

/* Begin PBXFileReference section */
		9A16514729708283005BD342 /* iLife.app */ = {isa = PBXFileReference; explicitFileType = wrapper.application; includeInIndex = 0; path = iLife.app; sourceTree = BUILT_PRODUCTS_DIR; };
		9A16514A29708283005BD342 /* iLifeApp.swift */ = {isa = PBXFileReference; lastKnownFileType = sourcecode.swift; path = iLifeApp.swift; sourceTree = "<group>"; };
		9A16514C29708283005BD342 /* ContentView.swift */ = {isa = PBXFileReference; lastKnownFileType = sourcecode.swift; path = ContentView.swift; sourceTree = "<group>"; };
		9A16514E29708287005BD342 /* Assets.xcassets */ = {isa = PBXFileReference; lastKnownFileType = folder.assetcatalog; path = Assets.xcassets; sourceTree = "<group>"; };
		9A16515129708287005BD342 /* Preview Assets.xcassets */ = {isa = PBXFileReference; lastKnownFileType = folder.assetcatalog; path = "Preview Assets.xcassets"; sourceTree = "<group>"; };
		9A16515729708287005BD342 /* iLifeTests.xctest */ = {isa = PBXFileReference; explicitFileType = wrapper.cfbundle; includeInIndex = 0; path = iLifeTests.xctest; sourceTree = BUILT_PRODUCTS_DIR; };
		9A16515B29708287005BD342 /* iLifeTests.swift */ = {isa = PBXFileReference; lastKnownFileType = sourcecode.swift; path = iLifeTests.swift; sourceTree = "<group>"; };
		9A16516129708287005BD342 /* iLifeUITests.xctest */ = {isa = PBXFileReference; explicitFileType = wrapper.cfbundle; includeInIndex = 0; path = iLifeUITests.xctest; sourceTree = BUILT_PRODUCTS_DIR; };
		9A16516529708287005BD342 /* iLifeUITests.swift */ = {isa = PBXFileReference; lastKnownFileType = sourcecode.swift; path = iLifeUITests.swift; sourceTree = "<group>"; };
		9A16516729708287005BD342 /* iLifeUITestsLaunchTests.swift */ = {isa = PBXFileReference; lastKnownFileType = sourcecode.swift; path = iLifeUITestsLaunchTests.swift; sourceTree = "<group>"; };
		9A16517429741644005BD342 /* Life.swift */ = {isa = PBXFileReference; lastKnownFileType = sourcecode.swift; path = Life.swift; sourceTree = "<group>"; };
		9A165176297418CF005BD342 /* LifeObjects.swift */ = {isa = PBXFileReference; lastKnownFileType = sourcecode.swift; path = LifeObjects.swift; sourceTree = "<group>"; };
		9A16517B297425BF005BD342 /* SideMenuView.swift */ = {isa = PBXFileReference; lastKnownFileType = sourcecode.swift; path = SideMenuView.swift; sourceTree = "<group>"; };
/* End PBXFileReference section */

/* Begin PBXFrameworksBuildPhase section */
		9A16514429708283005BD342 /* Frameworks */ = {
			isa = PBXFrameworksBuildPhase;
			buildActionMask = 2147483647;
			files = (
			);
			runOnlyForDeploymentPostprocessing = 0;
		};
		9A16515429708287005BD342 /* Frameworks */ = {
			isa = PBXFrameworksBuildPhase;
			buildActionMask = 2147483647;
			files = (
			);
			runOnlyForDeploymentPostprocessing = 0;
		};
		9A16515E29708287005BD342 /* Frameworks */ = {
			isa = PBXFrameworksBuildPhase;
			buildActionMask = 2147483647;
			files = (
			);
			runOnlyForDeploymentPostprocessing = 0;
		};
/* End PBXFrameworksBuildPhase section */

/* Begin PBXGroup section */
		9A16513E29708283005BD342 = {
			isa = PBXGroup;
			children = (
				9A16514929708283005BD342 /* iLife */,
				9A16515A29708287005BD342 /* iLifeTests */,
				9A16516429708287005BD342 /* iLifeUITests */,
				9A16514829708283005BD342 /* Products */,
			);
			sourceTree = "<group>";
		};
		9A16514829708283005BD342 /* Products */ = {
			isa = PBXGroup;
			children = (
				9A16514729708283005BD342 /* iLife.app */,
				9A16515729708287005BD342 /* iLifeTests.xctest */,
				9A16516129708287005BD342 /* iLifeUITests.xctest */,
			);
			name = Products;
			sourceTree = "<group>";
		};
		9A16514929708283005BD342 /* iLife */ = {
			isa = PBXGroup;
			children = (
				9A16514A29708283005BD342 /* iLifeApp.swift */,
				9A165178297424FE005BD342 /* LifeViews */,
				9A16514E29708287005BD342 /* Assets.xcassets */,
				9A16515029708287005BD342 /* Preview Content */,
				9A16517429741644005BD342 /* Life.swift */,
				9A165176297418CF005BD342 /* LifeObjects.swift */,
			);
			path = iLife;
			sourceTree = "<group>";
		};
		9A16515029708287005BD342 /* Preview Content */ = {
			isa = PBXGroup;
			children = (
				9A16515129708287005BD342 /* Preview Assets.xcassets */,
			);
			path = "Preview Content";
			sourceTree = "<group>";
		};
		9A16515A29708287005BD342 /* iLifeTests */ = {
			isa = PBXGroup;
			children = (
				9A16515B29708287005BD342 /* iLifeTests.swift */,
			);
			path = iLifeTests;
			sourceTree = "<group>";
		};
		9A16516429708287005BD342 /* iLifeUITests */ = {
			isa = PBXGroup;
			children = (
				9A16516529708287005BD342 /* iLifeUITests.swift */,
				9A16516729708287005BD342 /* iLifeUITestsLaunchTests.swift */,
			);
			path = iLifeUITests;
			sourceTree = "<group>";
		};
		9A165178297424FE005BD342 /* LifeViews */ = {
			isa = PBXGroup;
			children = (
				9A16514C29708283005BD342 /* ContentView.swift */,
				9A16517B297425BF005BD342 /* SideMenuView.swift */,
			);
			path = LifeViews;
			sourceTree = "<group>";
		};
/* End PBXGroup section */

/* Begin PBXNativeTarget section */
		9A16514629708283005BD342 /* iLife */ = {
			isa = PBXNativeTarget;
			buildConfigurationList = 9A16516B29708287005BD342 /* Build configuration list for PBXNativeTarget "iLife" */;
			buildPhases = (
				9A16514329708283005BD342 /* Sources */,
				9A16514429708283005BD342 /* Frameworks */,
				9A16514529708283005BD342 /* Resources */,
			);
			buildRules = (
			);
			dependencies = (
			);
			name = iLife;
			productName = iLife;
			productReference = 9A16514729708283005BD342 /* iLife.app */;
			productType = "com.apple.product-type.application";
		};
		9A16515629708287005BD342 /* iLifeTests */ = {
			isa = PBXNativeTarget;
			buildConfigurationList = 9A16516E29708287005BD342 /* Build configuration list for PBXNativeTarget "iLifeTests" */;
			buildPhases = (
				9A16515329708287005BD342 /* Sources */,
				9A16515429708287005BD342 /* Frameworks */,
				9A16515529708287005BD342 /* Resources */,
			);
			buildRules = (
			);
			dependencies = (
				9A16515929708287005BD342 /* PBXTargetDependency */,
			);
			name = iLifeTests;
			productName = iLifeTests;
			productReference = 9A16515729708287005BD342 /* iLifeTests.xctest */;
			productType = "com.apple.product-type.bundle.unit-test";
		};
		9A16516029708287005BD342 /* iLifeUITests */ = {
			isa = PBXNativeTarget;
			buildConfigurationList = 9A16517129708287005BD342 /* Build configuration list for PBXNativeTarget "iLifeUITests" */;
			buildPhases = (
				9A16515D29708287005BD342 /* Sources */,
				9A16515E29708287005BD342 /* Frameworks */,
				9A16515F29708287005BD342 /* Resources */,
			);
			buildRules = (
			);
			dependencies = (
				9A16516329708287005BD342 /* PBXTargetDependency */,
			);
			name = iLifeUITests;
			productName = iLifeUITests;
			productReference = 9A16516129708287005BD342 /* iLifeUITests.xctest */;
			productType = "com.apple.product-type.bundle.ui-testing";
		};
/* End PBXNativeTarget section */

/* Begin PBXProject section */
		9A16513F29708283005BD342 /* Project object */ = {
			isa = PBXProject;
			attributes = {
				BuildIndependentTargetsInParallel = 1;
				LastSwiftUpdateCheck = 1420;
				LastUpgradeCheck = 1420;
				TargetAttributes = {
					9A16514629708283005BD342 = {
						CreatedOnToolsVersion = 14.2;
					};
					9A16515629708287005BD342 = {
						CreatedOnToolsVersion = 14.2;
						TestTargetID = 9A16514629708283005BD342;
					};
					9A16516029708287005BD342 = {
						CreatedOnToolsVersion = 14.2;
						TestTargetID = 9A16514629708283005BD342;
					};
				};
			};
			buildConfigurationList = 9A16514229708283005BD342 /* Build configuration list for PBXProject "iLife" */;
			compatibilityVersion = "Xcode 14.0";
			developmentRegion = en;
			hasScannedForEncodings = 0;
			knownRegions = (
				en,
				Base,
			);
			mainGroup = 9A16513E29708283005BD342;
			productRefGroup = 9A16514829708283005BD342 /* Products */;
			projectDirPath = "";
			projectRoot = "";
			targets = (
				9A16514629708283005BD342 /* iLife */,
				9A16515629708287005BD342 /* iLifeTests */,
				9A16516029708287005BD342 /* iLifeUITests */,
			);
		};
/* End PBXProject section */

/* Begin PBXResourcesBuildPhase section */
		9A16514529708283005BD342 /* Resources */ = {
			isa = PBXResourcesBuildPhase;
			buildActionMask = 2147483647;
			files = (
				9A16515229708287005BD342 /* Preview Assets.xcassets in Resources */,
				9A16514F29708287005BD342 /* Assets.xcassets in Resources */,
			);
			runOnlyForDeploymentPostprocessing = 0;
		};
		9A16515529708287005BD342 /* Resources */ = {
			isa = PBXResourcesBuildPhase;
			buildActionMask = 2147483647;
			files = (
			);
			runOnlyForDeploymentPostprocessing = 0;
		};
		9A16515F29708287005BD342 /* Resources */ = {
			isa = PBXResourcesBuildPhase;
			buildActionMask = 2147483647;
			files = (
			);
			runOnlyForDeploymentPostprocessing = 0;
		};
/* End PBXResourcesBuildPhase section */

/* Begin PBXSourcesBuildPhase section */
		9A16514329708283005BD342 /* Sources */ = {
			isa = PBXSourcesBuildPhase;
			buildActionMask = 2147483647;
			files = (
				9A16517529741644005BD342 /* Life.swift in Sources */,
				9A16514D29708283005BD342 /* ContentView.swift in Sources */,
				9A16517C297425BF005BD342 /* SideMenuView.swift in Sources */,
				9A165177297418CF005BD342 /* LifeObjects.swift in Sources */,
				9A16514B29708283005BD342 /* iLifeApp.swift in Sources */,
			);
			runOnlyForDeploymentPostprocessing = 0;
		};
		9A16515329708287005BD342 /* Sources */ = {
			isa = PBXSourcesBuildPhase;
			buildActionMask = 2147483647;
			files = (
				9A16515C29708287005BD342 /* iLifeTests.swift in Sources */,
			);
			runOnlyForDeploymentPostprocessing = 0;
		};
		9A16515D29708287005BD342 /* Sources */ = {
			isa = PBXSourcesBuildPhase;
			buildActionMask = 2147483647;
			files = (
				9A16516829708287005BD342 /* iLifeUITestsLaunchTests.swift in Sources */,
				9A16516629708287005BD342 /* iLifeUITests.swift in Sources */,
			);
			runOnlyForDeploymentPostprocessing = 0;
		};
/* End PBXSourcesBuildPhase section */

/* Begin PBXTargetDependency section */
		9A16515929708287005BD342 /* PBXTargetDependency */ = {
			isa = PBXTargetDependency;
			target = 9A16514629708283005BD342 /* iLife */;
			targetProxy = 9A16515829708287005BD342 /* PBXContainerItemProxy */;
		};
		9A16516329708287005BD342 /* PBXTargetDependency */ = {
			isa = PBXTargetDependency;
			target = 9A16514629708283005BD342 /* iLife */;
			targetProxy = 9A16516229708287005BD342 /* PBXContainerItemProxy */;
		};
/* End PBXTargetDependency section */

/* Begin XCBuildConfiguration section */
		9A16516929708287005BD342 /* Debug */ = {
			isa = XCBuildConfiguration;
			buildSettings = {
				ALWAYS_SEARCH_USER_PATHS = NO;
				CLANG_ANALYZER_NONNULL = YES;
				CLANG_ANALYZER_NUMBER_OBJECT_CONVERSION = YES_AGGRESSIVE;
				CLANG_CXX_LANGUAGE_STANDARD = "gnu++20";
				CLANG_ENABLE_MODULES = YES;
				CLANG_ENABLE_OBJC_ARC = YES;
				CLANG_ENABLE_OBJC_WEAK = YES;
				CLANG_WARN_BLOCK_CAPTURE_AUTORELEASING = YES;
				CLANG_WARN_BOOL_CONVERSION = YES;
				CLANG_WARN_COMMA = YES;
				CLANG_WARN_CONSTANT_CONVERSION = YES;
				CLANG_WARN_DEPRECATED_OBJC_IMPLEMENTATIONS = YES;
				CLANG_WARN_DIRECT_OBJC_ISA_USAGE = YES_ERROR;
				CLANG_WARN_DOCUMENTATION_COMMENTS = YES;
				CLANG_WARN_EMPTY_BODY = YES;
				CLANG_WARN_ENUM_CONVERSION = YES;
				CLANG_WARN_INFINITE_RECURSION = YES;
				CLANG_WARN_INT_CONVERSION = YES;
				CLANG_WARN_NON_LITERAL_NULL_CONVERSION = YES;
				CLANG_WARN_OBJC_IMPLICIT_RETAIN_SELF = YES;
				CLANG_WARN_OBJC_LITERAL_CONVERSION = YES;
				CLANG_WARN_OBJC_ROOT_CLASS = YES_ERROR;
				CLANG_WARN_QUOTED_INCLUDE_IN_FRAMEWORK_HEADER = YES;
				CLANG_WARN_RANGE_LOOP_ANALYSIS = YES;
				CLANG_WARN_STRICT_PROTOTYPES = YES;
				CLANG_WARN_SUSPICIOUS_MOVE = YES;
				CLANG_WARN_UNGUARDED_AVAILABILITY = YES_AGGRESSIVE;
				CLANG_WARN_UNREACHABLE_CODE = YES;
				CLANG_WARN__DUPLICATE_METHOD_MATCH = YES;
				COPY_PHASE_STRIP = NO;
				DEBUG_INFORMATION_FORMAT = dwarf;
				ENABLE_STRICT_OBJC_MSGSEND = YES;
				ENABLE_TESTABILITY = YES;
				GCC_C_LANGUAGE_STANDARD = gnu11;
				GCC_DYNAMIC_NO_PIC = NO;
				GCC_NO_COMMON_BLOCKS = YES;
				GCC_OPTIMIZATION_LEVEL = 0;
				GCC_PREPROCESSOR_DEFINITIONS = (
					"DEBUG=1",
					"$(inherited)",
				);
				GCC_WARN_64_TO_32_BIT_CONVERSION = YES;
				GCC_WARN_ABOUT_RETURN_TYPE = YES_ERROR;
				GCC_WARN_UNDECLARED_SELECTOR = YES;
				GCC_WARN_UNINITIALIZED_AUTOS = YES_AGGRESSIVE;
				GCC_WARN_UNUSED_FUNCTION = YES;
				GCC_WARN_UNUSED_VARIABLE = YES;
				IPHONEOS_DEPLOYMENT_TARGET = 16.2;
				MTL_ENABLE_DEBUG_INFO = INCLUDE_SOURCE;
				MTL_FAST_MATH = YES;
				ONLY_ACTIVE_ARCH = YES;
				SDKROOT = iphoneos;
				SWIFT_ACTIVE_COMPILATION_CONDITIONS = DEBUG;
				SWIFT_OPTIMIZATION_LEVEL = "-Onone";
			};
			name = Debug;
		};
		9A16516A29708287005BD342 /* Release */ = {
			isa = XCBuildConfiguration;
			buildSettings = {
				ALWAYS_SEARCH_USER_PATHS = NO;
				CLANG_ANALYZER_NONNULL = YES;
				CLANG_ANALYZER_NUMBER_OBJECT_CONVERSION = YES_AGGRESSIVE;
				CLANG_CXX_LANGUAGE_STANDARD = "gnu++20";
				CLANG_ENABLE_MODULES = YES;
				CLANG_ENABLE_OBJC_ARC = YES;
				CLANG_ENABLE_OBJC_WEAK = YES;
				CLANG_WARN_BLOCK_CAPTURE_AUTORELEASING = YES;
				CLANG_WARN_BOOL_CONVERSION = YES;
				CLANG_WARN_COMMA = YES;
				CLANG_WARN_CONSTANT_CONVERSION = YES;
				CLANG_WARN_DEPRECATED_OBJC_IMPLEMENTATIONS = YES;
				CLANG_WARN_DIRECT_OBJC_ISA_USAGE = YES_ERROR;
				CLANG_WARN_DOCUMENTATION_COMMENTS = YES;
				CLANG_WARN_EMPTY_BODY = YES;
				CLANG_WARN_ENUM_CONVERSION = YES;
				CLANG_WARN_INFINITE_RECURSION = YES;
				CLANG_WARN_INT_CONVERSION = YES;
				CLANG_WARN_NON_LITERAL_NULL_CONVERSION = YES;
				CLANG_WARN_OBJC_IMPLICIT_RETAIN_SELF = YES;
				CLANG_WARN_OBJC_LITERAL_CONVERSION = YES;
				CLANG_WARN_OBJC_ROOT_CLASS = YES_ERROR;
				CLANG_WARN_QUOTED_INCLUDE_IN_FRAMEWORK_HEADER = YES;
				CLANG_WARN_RANGE_LOOP_ANALYSIS = YES;
				CLANG_WARN_STRICT_PROTOTYPES = YES;
				CLANG_WARN_SUSPICIOUS_MOVE = YES;
				CLANG_WARN_UNGUARDED_AVAILABILITY = YES_AGGRESSIVE;
				CLANG_WARN_UNREACHABLE_CODE = YES;
				CLANG_WARN__DUPLICATE_METHOD_MATCH = YES;
				COPY_PHASE_STRIP = NO;
				DEBUG_INFORMATION_FORMAT = "dwarf-with-dsym";
				ENABLE_NS_ASSERTIONS = NO;
				ENABLE_STRICT_OBJC_MSGSEND = YES;
				GCC_C_LANGUAGE_STANDARD = gnu11;
				GCC_NO_COMMON_BLOCKS = YES;
				GCC_WARN_64_TO_32_BIT_CONVERSION = YES;
				GCC_WARN_ABOUT_RETURN_TYPE = YES_ERROR;
				GCC_WARN_UNDECLARED_SELECTOR = YES;
				GCC_WARN_UNINITIALIZED_AUTOS = YES_AGGRESSIVE;
				GCC_WARN_UNUSED_FUNCTION = YES;
				GCC_WARN_UNUSED_VARIABLE = YES;
				IPHONEOS_DEPLOYMENT_TARGET = 16.2;
				MTL_ENABLE_DEBUG_INFO = NO;
				MTL_FAST_MATH = YES;
				SDKROOT = iphoneos;
				SWIFT_COMPILATION_MODE = wholemodule;
				SWIFT_OPTIMIZATION_LEVEL = "-O";
				VALIDATE_PRODUCT = YES;
			};
			name = Release;
		};
		9A16516C29708287005BD342 /* Debug */ = {
			isa = XCBuildConfiguration;
			buildSettings = {
				ASSETCATALOG_COMPILER_APPICON_NAME = AppIcon;
				ASSETCATALOG_COMPILER_GLOBAL_ACCENT_COLOR_NAME = AccentColor;
				CODE_SIGN_STYLE = Automatic;
				CURRENT_PROJECT_VERSION = 1;
				DEVELOPMENT_ASSET_PATHS = "\"iLife/Preview Content\"";
				DEVELOPMENT_TEAM = STFSXZZN89;
				ENABLE_PREVIEWS = YES;
				GENERATE_INFOPLIST_FILE = YES;
				INFOPLIST_KEY_UIApplicationSceneManifest_Generation = YES;
				INFOPLIST_KEY_UIApplicationSupportsIndirectInputEvents = YES;
				INFOPLIST_KEY_UILaunchScreen_Generation = YES;
				INFOPLIST_KEY_UISupportedInterfaceOrientations_iPad = "UIInterfaceOrientationPortrait UIInterfaceOrientationPortraitUpsideDown UIInterfaceOrientationLandscapeLeft UIInterfaceOrientationLandscapeRight";
				INFOPLIST_KEY_UISupportedInterfaceOrientations_iPhone = "UIInterfaceOrientationPortrait UIInterfaceOrientationLandscapeLeft UIInterfaceOrientationLandscapeRight";
				IPHONEOS_DEPLOYMENT_TARGET = 15.0;
				LD_RUNPATH_SEARCH_PATHS = (
					"$(inherited)",
					"@executable_path/Frameworks",
				);
				MARKETING_VERSION = 1.0;
				PRODUCT_BUNDLE_IDENTIFIER = nl.wiljoderuiter.iLife;
				PRODUCT_NAME = "$(TARGET_NAME)";
				SWIFT_EMIT_LOC_STRINGS = YES;
				SWIFT_VERSION = 5.0;
				TARGETED_DEVICE_FAMILY = "1,2";
			};
			name = Debug;
		};
		9A16516D29708287005BD342 /* Release */ = {
			isa = XCBuildConfiguration;
			buildSettings = {
				ASSETCATALOG_COMPILER_APPICON_NAME = AppIcon;
				ASSETCATALOG_COMPILER_GLOBAL_ACCENT_COLOR_NAME = AccentColor;
				CODE_SIGN_STYLE = Automatic;
				CURRENT_PROJECT_VERSION = 1;
				DEVELOPMENT_ASSET_PATHS = "\"iLife/Preview Content\"";
				DEVELOPMENT_TEAM = STFSXZZN89;
				ENABLE_PREVIEWS = YES;
				GENERATE_INFOPLIST_FILE = YES;
				INFOPLIST_KEY_UIApplicationSceneManifest_Generation = YES;
				INFOPLIST_KEY_UIApplicationSupportsIndirectInputEvents = YES;
				INFOPLIST_KEY_UILaunchScreen_Generation = YES;
				INFOPLIST_KEY_UISupportedInterfaceOrientations_iPad = "UIInterfaceOrientationPortrait UIInterfaceOrientationPortraitUpsideDown UIInterfaceOrientationLandscapeLeft UIInterfaceOrientationLandscapeRight";
				INFOPLIST_KEY_UISupportedInterfaceOrientations_iPhone = "UIInterfaceOrientationPortrait UIInterfaceOrientationLandscapeLeft UIInterfaceOrientationLandscapeRight";
				IPHONEOS_DEPLOYMENT_TARGET = 15.0;
				LD_RUNPATH_SEARCH_PATHS = (
					"$(inherited)",
					"@executable_path/Frameworks",
				);
				MARKETING_VERSION = 1.0;
				PRODUCT_BUNDLE_IDENTIFIER = nl.wiljoderuiter.iLife;
				PRODUCT_NAME = "$(TARGET_NAME)";
				SWIFT_EMIT_LOC_STRINGS = YES;
				SWIFT_VERSION = 5.0;
				TARGETED_DEVICE_FAMILY = "1,2";
			};
			name = Release;
		};
		9A16516F29708287005BD342 /* Debug */ = {
			isa = XCBuildConfiguration;
			buildSettings = {
				ALWAYS_EMBED_SWIFT_STANDARD_LIBRARIES = YES;
				BUNDLE_LOADER = "$(TEST_HOST)";
				CODE_SIGN_STYLE = Automatic;
				CURRENT_PROJECT_VERSION = 1;
				DEVELOPMENT_TEAM = STFSXZZN89;
				GENERATE_INFOPLIST_FILE = YES;
				IPHONEOS_DEPLOYMENT_TARGET = 16.2;
				MARKETING_VERSION = 1.0;
				PRODUCT_BUNDLE_IDENTIFIER = nl.wiljoderuiter.iLifeTests;
				PRODUCT_NAME = "$(TARGET_NAME)";
				SWIFT_EMIT_LOC_STRINGS = NO;
				SWIFT_VERSION = 5.0;
				TARGETED_DEVICE_FAMILY = "1,2";
				TEST_HOST = "$(BUILT_PRODUCTS_DIR)/iLife.app/$(BUNDLE_EXECUTABLE_FOLDER_PATH)/iLife";
			};
			name = Debug;
		};
		9A16517029708287005BD342 /* Release */ = {
			isa = XCBuildConfiguration;
			buildSettings = {
				ALWAYS_EMBED_SWIFT_STANDARD_LIBRARIES = YES;
				BUNDLE_LOADER = "$(TEST_HOST)";
				CODE_SIGN_STYLE = Automatic;
				CURRENT_PROJECT_VERSION = 1;
				DEVELOPMENT_TEAM = STFSXZZN89;
				GENERATE_INFOPLIST_FILE = YES;
				IPHONEOS_DEPLOYMENT_TARGET = 16.2;
				MARKETING_VERSION = 1.0;
				PRODUCT_BUNDLE_IDENTIFIER = nl.wiljoderuiter.iLifeTests;
				PRODUCT_NAME = "$(TARGET_NAME)";
				SWIFT_EMIT_LOC_STRINGS = NO;
				SWIFT_VERSION = 5.0;
				TARGETED_DEVICE_FAMILY = "1,2";
				TEST_HOST = "$(BUILT_PRODUCTS_DIR)/iLife.app/$(BUNDLE_EXECUTABLE_FOLDER_PATH)/iLife";
			};
			name = Release;
		};
		9A16517229708287005BD342 /* Debug */ = {
			isa = XCBuildConfiguration;
			buildSettings = {
				ALWAYS_EMBED_SWIFT_STANDARD_LIBRARIES = YES;
				CODE_SIGN_STYLE = Automatic;
				CURRENT_PROJECT_VERSION = 1;
				DEVELOPMENT_TEAM = STFSXZZN89;
				GENERATE_INFOPLIST_FILE = YES;
				MARKETING_VERSION = 1.0;
				PRODUCT_BUNDLE_IDENTIFIER = nl.wiljoderuiter.iLifeUITests;
				PRODUCT_NAME = "$(TARGET_NAME)";
				SWIFT_EMIT_LOC_STRINGS = NO;
				SWIFT_VERSION = 5.0;
				TARGETED_DEVICE_FAMILY = "1,2";
				TEST_TARGET_NAME = iLife;
			};
			name = Debug;
		};
		9A16517329708287005BD342 /* Release */ = {
			isa = XCBuildConfiguration;
			buildSettings = {
				ALWAYS_EMBED_SWIFT_STANDARD_LIBRARIES = YES;
				CODE_SIGN_STYLE = Automatic;
				CURRENT_PROJECT_VERSION = 1;
				DEVELOPMENT_TEAM = STFSXZZN89;
				GENERATE_INFOPLIST_FILE = YES;
				MARKETING_VERSION = 1.0;
				PRODUCT_BUNDLE_IDENTIFIER = nl.wiljoderuiter.iLifeUITests;
				PRODUCT_NAME = "$(TARGET_NAME)";
				SWIFT_EMIT_LOC_STRINGS = NO;
				SWIFT_VERSION = 5.0;
				TARGETED_DEVICE_FAMILY = "1,2";
				TEST_TARGET_NAME = iLife;
			};
			name = Release;
		};
/* End XCBuildConfiguration section */

/* Begin XCConfigurationList section */
		9A16514229708283005BD342 /* Build configuration list for PBXProject "iLife" */ = {
			isa = XCConfigurationList;
			buildConfigurations = (
				9A16516929708287005BD342 /* Debug */,
				9A16516A29708287005BD342 /* Release */,
			);
			defaultConfigurationIsVisible = 0;
			defaultConfigurationName = Release;
		};
		9A16516B29708287005BD342 /* Build configuration list for PBXNativeTarget "iLife" */ = {
			isa = XCConfigurationList;
			buildConfigurations = (
				9A16516C29708287005BD342 /* Debug */,
				9A16516D29708287005BD342 /* Release */,
			);
			defaultConfigurationIsVisible = 0;
			defaultConfigurationName = Release;
		};
		9A16516E29708287005BD342 /* Build configuration list for PBXNativeTarget "iLifeTests" */ = {
			isa = XCConfigurationList;
			buildConfigurations = (
				9A16516F29708287005BD342 /* Debug */,
				9A16517029708287005BD342 /* Release */,
			);
			defaultConfigurationIsVisible = 0;
			defaultConfigurationName = Release;
		};
		9A16517129708287005BD342 /* Build configuration list for PBXNativeTarget "iLifeUITests" */ = {
			isa = XCConfigurationList;
			buildConfigurations = (
				9A16517229708287005BD342 /* Debug */,
				9A16517329708287005BD342 /* Release */,
			);
			defaultConfigurationIsVisible = 0;
			defaultConfigurationName = Release;
		};
/* End XCConfigurationList section */
	};
	rootObject = 9A16513F29708283005BD342 /* Project object */;
}
